{
  "version": "5",
  "remote": {
    "https://edge.netlify.com/": "fd941d61d88673d5f28aab283fb86fcc50f08a3bc80ee5470498fcfa88c65cfb",
    "https://edge.netlify.com/bootstrap/config.ts": "6a2ce0e544e15e8f8883a5c18da5948e37fd0f2619f68cb31f3af53c51817025",
    "https://edge.netlify.com/bootstrap/context.ts": "e97240232121e2f369f6546ce961490f34d961ea1ea54be3ff09633e3f08373f",
    "https://edge.netlify.com/bootstrap/cookie.ts": "8b0baae708989ca183c6f3b4ab3d029e6abcbc2e43f93edeb0ff447b3bbc3a05",
    "https://edge.netlify.com/bootstrap/edge_function.ts": "b8253e86aa83c67341f5cfedeba5049d77fbf84dcab7eceff7566b7728ae9b39",
    "https://edge.netlify.com/bootstrap/globals/types.ts": "eaa6148ded3121d8dee62dd91c86e7fe76601df0f3ca8d7962243a30f4c8935f"
  },
  "workspace": {
    "packageJson": {
      "dependencies": [
        "npm:@iconify-json/akar-icons@^1.2.2",
        "npm:@iconify-json/ant-design@^1.2.5",
        "npm:@iconify-json/arcticons@^1.2.37",
        "npm:@iconify-json/bx@^1.2.3",
        "npm:@iconify-json/cib@^1.2.3",
        "npm:@iconify-json/codicon@^1.2.29",
        "npm:@iconify-json/devicon-plain@^1.2.57",
        "npm:@iconify-json/fa6-brands@^1.2.6",
        "npm:@iconify-json/gravity-ui@^1.2.10",
        "npm:@iconify-json/icon-park@^1.2.4",
        "npm:@iconify-json/line-md@^1.2.11",
        "npm:@iconify-json/lineicons@^1.2.4",
        "npm:@iconify-json/lucide@^1.2.58",
        "npm:@iconify-json/material-symbols@^1.2.30",
        "npm:@iconify-json/mdi@^1.2.3",
        "npm:@iconify-json/pajamas@^1.2.15",
        "npm:@iconify-json/ph@^1.2.2",
        "npm:@iconify-json/proicons@^1.2.19",
        "npm:@iconify-json/simple-icons@^1.2.44",
        "npm:@iconify-json/simple-line-icons@^1.2.1",
        "npm:@iconify-json/tabler@^1.2.20",
        "npm:@iconify-json/uil@^1.2.3",
        "npm:@nuxt/content@^3.13.0",
        "npm:@nuxt/image@1.10.0",
        "npm:@nuxt/ui@^4.6.0",
        "npm:@nuxtjs/seo@^3.2.2",
        "npm:@nuxtjs/sitemap@^7.4.3",
        "npm:@threenine/nuxstr-comments@^1.7.0",
        "npm:@threenine/nuxt-fathom@^0.0.11",
        "npm:@threenine/nuxt-zap@^1.2.0",
        "npm:@vueuse/nuxt@^13.6.0",
        "npm:better-sqlite3@^12.8.0",
        "npm:motion-v@^1.7.1",
        "npm:nuxt@^4.4.2",
        "npm:vue-router@^4.5.1",
        "npm:vue@^3.5.18"
      ]
    }
  }
}
